
Microsoft Visual Studio Solution File, Format Version 12.00
# Visual Studio Version 16
VisualStudioVersion = 16.0.30907.101
MinimumVisualStudioVersion = 10.0.40219.1
Project("{FAE04EC0-301F-11D3-BF4B-00C04F79EFBC}") = "RazorPagesMovie", "RazorPagesMovie.csproj", "{870373E8-0253-4431-B0C4-5242B91F99CC}"
EndProject
Global
	GlobalSection(SolutionConfigurationPlatforms) = preSolution
		Debug|Any CPU = Debug|Any CPU
		Release|Any CPU = Release|Any CPU
	EndGlobalSection
	GlobalSection(ProjectConfigurationPlatforms) = postSolution
		{870373E8-0253-4431-B0C4-5242B91F99CC}.Debug|Any CPU.ActiveCfg = Debug|Any CPU
		{870373E8-0253-4431-B0C4-5242B91F99CC}.Debug|Any CPU.Build.0 = Debug|Any CPU
		{870373E8-0253-4431-B0C4-5242B91F99CC}.Release|Any CPU.ActiveCfg = Release|Any CPU
		{870373E8-0253-4431-B0C4-5242B91F99CC}.Release|Any CPU.Build.0 = Release|Any CPU
	EndGlobalSection
	GlobalSection(SolutionProperties) = preSolution
		HideSolutionNode = FALSE
	EndGlobalSection
	GlobalSection(ExtensibilityGlobals) = postSolution
		SolutionGuid = {44E98556-479F-4A8E-BB09-5D02A4EC8AC6}
	EndGlobalSection
EndGlobal
